
Microsoft Visual Studio Solution File, Format Version 12.00
# Visual Studio Version 17
VisualStudioVersion = 17.0.32014.148
MinimumVisualStudioVersion = 10.0.40219.1
Project("{2150E333-8FDC-42A3-9474-1A3956D46DE8}") = "Sync", "Sync", "{3229F862-BA58-4BA0-8CD1-A5907A9E52E1}"
EndProject
Project("{2150E333-8FDC-42A3-9474-1A3956D46DE8}") = "TESTY", "TESTY", "{FEE4D664-1C0B-49D8-8AF1-44594742FE05}"
EndProject
Project("{2150E333-8FDC-42A3-9474-1A3956D46DE8}") = "SolEx.erp", "SolEx.erp", "{C38D22A7-4A5B-4AD5-B3C8-CD82E14DC985}"
EndProject
Project("{FAE04EC0-301F-11D3-BF4B-00C04F79EFBC}") = "SolEx.Hurt.Core", "SolEx.Hurt.Core\SolEx.Hurt.Core.csproj", "{FEBDC3B5-EE97-48E4-8DF0-2ABEA38DF790}"
EndProject
Project("{FAE04EC0-301F-11D3-BF4B-00C04F79EFBC}") = "SolEx.Hurt.Sync.App.Modules_", "SolEx.Hurt.Sync.App.Modules_\SolEx.Hurt.Sync.App.Modules_.csproj", "{4914FFA8-5436-4E31-85F3-DDC4884989B5}"
EndProject
Project("{FAE04EC0-301F-11D3-BF4B-00C04F79EFBC}") = "SolEx.Hurt.Model", "SolEx.Hurt.Model\SolEx.Hurt.Model.csproj", "{71AC3478-449A-4873-8C68-5596C4D06E4E}"
EndProject
Project("{FAE04EC0-301F-11D3-BF4B-00C04F79EFBC}") = "SolEx.Hurt.Helpers", "SolEx.Hurt.Helpers\SolEx.Hurt.Helpers.csproj", "{DCD68212-4853-411B-9DA9-27C633694D8A}"
EndProject
Project("{FAE04EC0-301F-11D3-BF4B-00C04F79EFBC}") = "SolEx.Hurt.Web.Site2", "SolEx.Hurt.Web.Site2\SolEx.Hurt.Web.Site2.csproj", "{8024399D-B181-4331-A405-DE6BA3B9C061}"
EndProject
Project("{FAE04EC0-301F-11D3-BF4B-00C04F79EFBC}") = "SolEx.ERP.SubiektGT", "Solex.ERP.Subiekt\SolEx.ERP.SubiektGT.csproj", "{51055AA0-F32C-4CFB-9A08-CA3B0AAD4018}"
EndProject
Project("{FAE04EC0-301F-11D3-BF4B-00C04F79EFBC}") = "SolEx.ERP.Model", "SolEx.ERP.Model\SolEx.ERP.Model.csproj", "{1DF8D295-1707-4BA1-9945-63D676B839BF}"
EndProject
Project("{FAE04EC0-301F-11D3-BF4B-00C04F79EFBC}") = "SolEx.Hurt.Sync.ProviderSubiekt", "SolEx.Hurt.Sync.ProviderSubiekt\SolEx.Hurt.Sync.ProviderSubiekt.csproj", "{98B2ECC3-9066-45E2-8800-C16F6914DD24}"
EndProject
Project("{FAE04EC0-301F-11D3-BF4B-00C04F79EFBC}") = "SolEx.Hurt.Sync.App", "SolEx.Hurt.Sync.App\SolEx.Hurt.Sync.App.csproj", "{993B29AB-F20B-4ACE-804B-1F9E03D3355F}"
EndProject
Project("{FAE04EC0-301F-11D3-BF4B-00C04F79EFBC}") = "SolEx.DBHelper", "SolEx.DBHelper\SolEx.DBHelper.csproj", "{965048D9-E773-4750-ADDA-1ECC122ACBDE}"
EndProject
Project("{2150E333-8FDC-42A3-9474-1A3956D46DE8}") = "SkryptySQL", "SkryptySQL", "{D954CBE4-F146-47DA-864A-C7ECB99F0895}"
	ProjectSection(SolutionItems) = preProject
		2014-07-31.sql = 2014-07-31.sql
		TriggerDlaPromocjiDoNowychSubiektow.sql = TriggerDlaPromocjiDoNowychSubiektow.sql
		UsuwanieZdublowanychSystemPol.sql = UsuwanieZdublowanychSystemPol.sql
	EndProjectSection
EndProject
Project("{FAE04EC0-301F-11D3-BF4B-00C04F79EFBC}") = "SolEx.Hurt.Sync.App.Modules_Tests", "SolEx.Hurt.Sync.App.Modules_Tests\SolEx.Hurt.Sync.App.Modules_Tests.csproj", "{540519AF-9419-41E7-BCE4-7AC206F308BA}"
EndProject
Project("{FAE04EC0-301F-11D3-BF4B-00C04F79EFBC}") = "SolEx.Hurt.HelpersTests", "SolEx.Hurt.HelpersTests\SolEx.Hurt.HelpersTests.csproj", "{2D7B7CF8-B093-4A88-BC6E-AC720CBC318A}"
EndProject
Project("{FAE04EC0-301F-11D3-BF4B-00C04F79EFBC}") = "SolEx.Hurt.ModelTests", "SolEx.Hurt.ModelTests1\SolEx.Hurt.ModelTests.csproj", "{C54FAD1E-9F4B-4C18-B9E5-93E24215FD22}"
EndProject
Project("{FAE04EC0-301F-11D3-BF4B-00C04F79EFBC}") = "SolEx.Hurt.DALTests", "SolEx.Hurt.DALTests\SolEx.Hurt.DALTests.csproj", "{B6DC5869-30E1-48B3-81C9-2AE8DBB345EE}"
EndProject
Project("{FAE04EC0-301F-11D3-BF4B-00C04F79EFBC}") = "SocialExplorer.FastDBF", "FastDBF\SocialExplorer.FastDBF.csproj", "{9CF5ED11-6D2B-4FEF-8A0A-B2E12DE59867}"
EndProject
Project("{2150E333-8FDC-42A3-9474-1A3956D46DE8}") = "BibliotekiZrodlaInne", "BibliotekiZrodlaInne", "{BC583D23-45B4-4C57-A8D2-1ACC5EE31A52}"
EndProject
Project("{FAE04EC0-301F-11D3-BF4B-00C04F79EFBC}") = "SolEx.Hurt.Sync.AppTests", "SolEx.Hurt.Sync.AppTests\SolEx.Hurt.Sync.AppTests.csproj", "{F8C413C0-EF8F-488B-90FD-1E7D26A94783}"
EndProject
Project("{FAE04EC0-301F-11D3-BF4B-00C04F79EFBC}") = "SolEx.Hurt.Sync.App.Updater", "SolEx.Hurt.Sync.App.Updater\SolEx.Hurt.Sync.App.Updater.csproj", "{4C2A4BE6-FC05-413C-89C9-00A46847531E}"
EndProject
Project("{FAE04EC0-301F-11D3-BF4B-00C04F79EFBC}") = "SolEx.Hurt.Sync.ProviderSubiektTests", "SolEx.Hurt.Sync.ProviderSubiektTests\SolEx.Hurt.Sync.ProviderSubiektTests.csproj", "{916C40E6-28C4-4373-9128-9EF5AA7CBB97}"
EndProject
Project("{FAE04EC0-301F-11D3-BF4B-00C04F79EFBC}") = "ServiceStack.OrmLite", "Libs\ORMLite\KOD-ZRODLOWY\ServiceStack.OrmLite\ServiceStack.OrmLite.csproj", "{96179AC6-F6F1-40C3-9FDD-4F6582F54C5C}"
EndProject
Project("{FAE04EC0-301F-11D3-BF4B-00C04F79EFBC}") = "ServiceStack.OrmLite.Sqlite", "Libs\ORMLite\KOD-ZRODLOWY\ServiceStack.OrmLite.Sqlite\ServiceStack.OrmLite.Sqlite.csproj", "{CF68A37D-D071-469D-AE04-68594CB95382}"
EndProject
Project("{FAE04EC0-301F-11D3-BF4B-00C04F79EFBC}") = "ServiceStack.OrmLite.SqlServer", "Libs\ORMLite\KOD-ZRODLOWY\ServiceStack.OrmLite.SqlServer\ServiceStack.OrmLite.SqlServer.csproj", "{1887DC99-9139-43E3-A7AA-6D74714B3A5D}"
EndProject
Project("{FAE04EC0-301F-11D3-BF4B-00C04F79EFBC}") = "ServiceStack.Common", "Libs\ORMLite\KOD-ZRODLOWY\ServiceStack.Common\ServiceStack.Common.csproj", "{982416DB-C143-4028-A0C3-CF41892D18D3}"
EndProject
Project("{FAE04EC0-301F-11D3-BF4B-00C04F79EFBC}") = "SolEx.Hurt.CoreTests", "SolEx.Hurt.CoreTests7\SolEx.Hurt.CoreTests.csproj", "{6BD5F091-016C-43BB-9CE4-20A91E1B7D07}"
EndProject
Project("{FAE04EC0-301F-11D3-BF4B-00C04F79EFBC}") = "SolEx.Hurt.Web.Site2Tests", "SolEx.Hurt.Web.Site2Tests1\SolEx.Hurt.Web.Site2Tests.csproj", "{D23E7842-121A-46BB-933E-073C4F91A7EF}"
EndProject
Project("{FAE04EC0-301F-11D3-BF4B-00C04F79EFBC}") = "SolEx.Hurt.Web.Site2.Tests", "SolEx.Hurt.Web.Site2.Tests\SolEx.Hurt.Web.Site2.Tests.csproj", "{F40D5A66-C63F-4087-904F-62DD162B3679}"
EndProject
Project("{9A19103F-16F7-4668-BE54-9A1E7A4F7556}") = "SolEx.Hurt.SolexPay", "SolEx.Hurt.SolexPay\SolEx.Hurt.SolexPay.csproj", "{0AFA4E89-0838-4CC5-9F72-4E488A6B7F79}"
EndProject
Global
	GlobalSection(SolutionConfigurationPlatforms) = preSolution
		Debug|Any CPU = Debug|Any CPU
		Debug|Mixed Platforms = Debug|Mixed Platforms
		Debug|x64 = Debug|x64
		Debug|x86 = Debug|x86
		Release|Any CPU = Release|Any CPU
		Release|Mixed Platforms = Release|Mixed Platforms
		Release|x64 = Release|x64
		Release|x86 = Release|x86
	EndGlobalSection
	GlobalSection(ProjectConfigurationPlatforms) = postSolution
		{FEBDC3B5-EE97-48E4-8DF0-2ABEA38DF790}.Debug|Any CPU.ActiveCfg = Debug|Any CPU
		{FEBDC3B5-EE97-48E4-8DF0-2ABEA38DF790}.Debug|Any CPU.Build.0 = Debug|Any CPU
		{FEBDC3B5-EE97-48E4-8DF0-2ABEA38DF790}.Debug|Mixed Platforms.ActiveCfg = Debug|Any CPU
		{FEBDC3B5-EE97-48E4-8DF0-2ABEA38DF790}.Debug|Mixed Platforms.Build.0 = Debug|Any CPU
		{FEBDC3B5-EE97-48E4-8DF0-2ABEA38DF790}.Debug|x64.ActiveCfg = Debug|Any CPU
		{FEBDC3B5-EE97-48E4-8DF0-2ABEA38DF790}.Debug|x64.Build.0 = Debug|Any CPU
		{FEBDC3B5-EE97-48E4-8DF0-2ABEA38DF790}.Debug|x86.ActiveCfg = Debug|Any CPU
		{FEBDC3B5-EE97-48E4-8DF0-2ABEA38DF790}.Debug|x86.Build.0 = Debug|Any CPU
		{FEBDC3B5-EE97-48E4-8DF0-2ABEA38DF790}.Release|Any CPU.ActiveCfg = Release|Any CPU
		{FEBDC3B5-EE97-48E4-8DF0-2ABEA38DF790}.Release|Any CPU.Build.0 = Release|Any CPU
		{FEBDC3B5-EE97-48E4-8DF0-2ABEA38DF790}.Release|Mixed Platforms.ActiveCfg = Release|Any CPU
		{FEBDC3B5-EE97-48E4-8DF0-2ABEA38DF790}.Release|Mixed Platforms.Build.0 = Release|Any CPU
		{FEBDC3B5-EE97-48E4-8DF0-2ABEA38DF790}.Release|x64.ActiveCfg = Release|x64
		{FEBDC3B5-EE97-48E4-8DF0-2ABEA38DF790}.Release|x64.Build.0 = Release|x64
		{FEBDC3B5-EE97-48E4-8DF0-2ABEA38DF790}.Release|x86.ActiveCfg = Release|Any CPU
		{FEBDC3B5-EE97-48E4-8DF0-2ABEA38DF790}.Release|x86.Build.0 = Release|Any CPU
		{4914FFA8-5436-4E31-85F3-DDC4884989B5}.Debug|Any CPU.ActiveCfg = Debug|Any CPU
		{4914FFA8-5436-4E31-85F3-DDC4884989B5}.Debug|Any CPU.Build.0 = Debug|Any CPU
		{4914FFA8-5436-4E31-85F3-DDC4884989B5}.Debug|Mixed Platforms.ActiveCfg = Debug|Any CPU
		{4914FFA8-5436-4E31-85F3-DDC4884989B5}.Debug|Mixed Platforms.Build.0 = Debug|Any CPU
		{4914FFA8-5436-4E31-85F3-DDC4884989B5}.Debug|Mixed Platforms.Deploy.0 = Debug|Any CPU
		{4914FFA8-5436-4E31-85F3-DDC4884989B5}.Debug|x64.ActiveCfg = Debug|Any CPU
		{4914FFA8-5436-4E31-85F3-DDC4884989B5}.Debug|x64.Build.0 = Debug|Any CPU
		{4914FFA8-5436-4E31-85F3-DDC4884989B5}.Debug|x86.ActiveCfg = Debug|Any CPU
		{4914FFA8-5436-4E31-85F3-DDC4884989B5}.Debug|x86.Build.0 = Debug|Any CPU
		{4914FFA8-5436-4E31-85F3-DDC4884989B5}.Release|Any CPU.ActiveCfg = Release|Any CPU
		{4914FFA8-5436-4E31-85F3-DDC4884989B5}.Release|Any CPU.Build.0 = Release|Any CPU
		{4914FFA8-5436-4E31-85F3-DDC4884989B5}.Release|Mixed Platforms.ActiveCfg = Release|Any CPU
		{4914FFA8-5436-4E31-85F3-DDC4884989B5}.Release|Mixed Platforms.Build.0 = Release|Any CPU
		{4914FFA8-5436-4E31-85F3-DDC4884989B5}.Release|x64.ActiveCfg = Release|Any CPU
		{4914FFA8-5436-4E31-85F3-DDC4884989B5}.Release|x86.ActiveCfg = Release|Any CPU
		{4914FFA8-5436-4E31-85F3-DDC4884989B5}.Release|x86.Build.0 = Release|Any CPU
		{71AC3478-449A-4873-8C68-5596C4D06E4E}.Debug|Any CPU.ActiveCfg = Debug|Any CPU
		{71AC3478-449A-4873-8C68-5596C4D06E4E}.Debug|Any CPU.Build.0 = Debug|Any CPU
		{71AC3478-449A-4873-8C68-5596C4D06E4E}.Debug|Mixed Platforms.ActiveCfg = Debug|Any CPU
		{71AC3478-449A-4873-8C68-5596C4D06E4E}.Debug|Mixed Platforms.Build.0 = Debug|Any CPU
		{71AC3478-449A-4873-8C68-5596C4D06E4E}.Debug|x64.ActiveCfg = Debug|Any CPU
		{71AC3478-449A-4873-8C68-5596C4D06E4E}.Debug|x64.Build.0 = Debug|Any CPU
		{71AC3478-449A-4873-8C68-5596C4D06E4E}.Debug|x86.ActiveCfg = Debug|Any CPU
		{71AC3478-449A-4873-8C68-5596C4D06E4E}.Debug|x86.Build.0 = Debug|Any CPU
		{71AC3478-449A-4873-8C68-5596C4D06E4E}.Release|Any CPU.ActiveCfg = Release|Any CPU
		{71AC3478-449A-4873-8C68-5596C4D06E4E}.Release|Any CPU.Build.0 = Release|Any CPU
		{71AC3478-449A-4873-8C68-5596C4D06E4E}.Release|Mixed Platforms.ActiveCfg = Release|Any CPU
		{71AC3478-449A-4873-8C68-5596C4D06E4E}.Release|Mixed Platforms.Build.0 = Release|Any CPU
		{71AC3478-449A-4873-8C68-5596C4D06E4E}.Release|x64.ActiveCfg = Release|Any CPU
		{71AC3478-449A-4873-8C68-5596C4D06E4E}.Release|x86.ActiveCfg = Release|Any CPU
		{71AC3478-449A-4873-8C68-5596C4D06E4E}.Release|x86.Build.0 = Release|Any CPU
		{DCD68212-4853-411B-9DA9-27C633694D8A}.Debug|Any CPU.ActiveCfg = Debug|Any CPU
		{DCD68212-4853-411B-9DA9-27C633694D8A}.Debug|Any CPU.Build.0 = Debug|Any CPU
		{DCD68212-4853-411B-9DA9-27C633694D8A}.Debug|Mixed Platforms.ActiveCfg = Debug|Any CPU
		{DCD68212-4853-411B-9DA9-27C633694D8A}.Debug|Mixed Platforms.Build.0 = Debug|Any CPU
		{DCD68212-4853-411B-9DA9-27C633694D8A}.Debug|x64.ActiveCfg = Debug|Any CPU
		{DCD68212-4853-411B-9DA9-27C633694D8A}.Debug|x64.Build.0 = Debug|Any CPU
		{DCD68212-4853-411B-9DA9-27C633694D8A}.Debug|x86.ActiveCfg = Debug|Any CPU
		{DCD68212-4853-411B-9DA9-27C633694D8A}.Debug|x86.Build.0 = Debug|Any CPU
		{DCD68212-4853-411B-9DA9-27C633694D8A}.Release|Any CPU.ActiveCfg = Release|Any CPU
		{DCD68212-4853-411B-9DA9-27C633694D8A}.Release|Any CPU.Build.0 = Release|Any CPU
		{DCD68212-4853-411B-9DA9-27C633694D8A}.Release|Mixed Platforms.ActiveCfg = Release|Any CPU
		{DCD68212-4853-411B-9DA9-27C633694D8A}.Release|Mixed Platforms.Build.0 = Release|Any CPU
		{DCD68212-4853-411B-9DA9-27C633694D8A}.Release|x64.ActiveCfg = Release|Any CPU
		{DCD68212-4853-411B-9DA9-27C633694D8A}.Release|x86.ActiveCfg = Release|Any CPU
		{DCD68212-4853-411B-9DA9-27C633694D8A}.Release|x86.Build.0 = Release|Any CPU
		{8024399D-B181-4331-A405-DE6BA3B9C061}.Debug|Any CPU.ActiveCfg = Debug|Any CPU
		{8024399D-B181-4331-A405-DE6BA3B9C061}.Debug|Any CPU.Build.0 = Debug|Any CPU
		{8024399D-B181-4331-A405-DE6BA3B9C061}.Debug|Mixed Platforms.ActiveCfg = Debug|Any CPU
		{8024399D-B181-4331-A405-DE6BA3B9C061}.Debug|Mixed Platforms.Build.0 = Debug|Any CPU
		{8024399D-B181-4331-A405-DE6BA3B9C061}.Debug|x64.ActiveCfg = Debug|Any CPU
		{8024399D-B181-4331-A405-DE6BA3B9C061}.Debug|x64.Build.0 = Debug|Any CPU
		{8024399D-B181-4331-A405-DE6BA3B9C061}.Debug|x86.ActiveCfg = Debug|Any CPU
		{8024399D-B181-4331-A405-DE6BA3B9C061}.Debug|x86.Build.0 = Debug|Any CPU
		{8024399D-B181-4331-A405-DE6BA3B9C061}.Release|Any CPU.ActiveCfg = Release|Any CPU
		{8024399D-B181-4331-A405-DE6BA3B9C061}.Release|Any CPU.Build.0 = Release|Any CPU
		{8024399D-B181-4331-A405-DE6BA3B9C061}.Release|Mixed Platforms.ActiveCfg = Release|Any CPU
		{8024399D-B181-4331-A405-DE6BA3B9C061}.Release|Mixed Platforms.Build.0 = Release|Any CPU
		{8024399D-B181-4331-A405-DE6BA3B9C061}.Release|x64.ActiveCfg = Release|Any CPU
		{8024399D-B181-4331-A405-DE6BA3B9C061}.Release|x86.ActiveCfg = Release|Any CPU
		{8024399D-B181-4331-A405-DE6BA3B9C061}.Release|x86.Build.0 = Release|Any CPU
		{51055AA0-F32C-4CFB-9A08-CA3B0AAD4018}.Debug|Any CPU.ActiveCfg = Debug|Any CPU
		{51055AA0-F32C-4CFB-9A08-CA3B0AAD4018}.Debug|Any CPU.Build.0 = Debug|Any CPU
		{51055AA0-F32C-4CFB-9A08-CA3B0AAD4018}.Debug|Mixed Platforms.ActiveCfg = Debug|Any CPU
		{51055AA0-F32C-4CFB-9A08-CA3B0AAD4018}.Debug|Mixed Platforms.Build.0 = Debug|Any CPU
		{51055AA0-F32C-4CFB-9A08-CA3B0AAD4018}.Debug|x64.ActiveCfg = Debug|Any CPU
		{51055AA0-F32C-4CFB-9A08-CA3B0AAD4018}.Debug|x64.Build.0 = Debug|Any CPU
		{51055AA0-F32C-4CFB-9A08-CA3B0AAD4018}.Debug|x86.ActiveCfg = Debug|Any CPU
		{51055AA0-F32C-4CFB-9A08-CA3B0AAD4018}.Debug|x86.Build.0 = Debug|Any CPU
		{51055AA0-F32C-4CFB-9A08-CA3B0AAD4018}.Release|Any CPU.ActiveCfg = Release|Any CPU
		{51055AA0-F32C-4CFB-9A08-CA3B0AAD4018}.Release|Any CPU.Build.0 = Release|Any CPU
		{51055AA0-F32C-4CFB-9A08-CA3B0AAD4018}.Release|Mixed Platforms.ActiveCfg = Release|Any CPU
		{51055AA0-F32C-4CFB-9A08-CA3B0AAD4018}.Release|Mixed Platforms.Build.0 = Release|Any CPU
		{51055AA0-F32C-4CFB-9A08-CA3B0AAD4018}.Release|x64.ActiveCfg = Release|Any CPU
		{51055AA0-F32C-4CFB-9A08-CA3B0AAD4018}.Release|x86.ActiveCfg = Release|Any CPU
		{51055AA0-F32C-4CFB-9A08-CA3B0AAD4018}.Release|x86.Build.0 = Release|Any CPU
		{1DF8D295-1707-4BA1-9945-63D676B839BF}.Debug|Any CPU.ActiveCfg = Debug|Any CPU
		{1DF8D295-1707-4BA1-9945-63D676B839BF}.Debug|Any CPU.Build.0 = Debug|Any CPU
		{1DF8D295-1707-4BA1-9945-63D676B839BF}.Debug|Mixed Platforms.ActiveCfg = Debug|Any CPU
		{1DF8D295-1707-4BA1-9945-63D676B839BF}.Debug|Mixed Platforms.Build.0 = Debug|Any CPU
		{1DF8D295-1707-4BA1-9945-63D676B839BF}.Debug|x64.ActiveCfg = Debug|Any CPU
		{1DF8D295-1707-4BA1-9945-63D676B839BF}.Debug|x64.Build.0 = Debug|Any CPU
		{1DF8D295-1707-4BA1-9945-63D676B839BF}.Debug|x86.ActiveCfg = Debug|Any CPU
		{1DF8D295-1707-4BA1-9945-63D676B839BF}.Debug|x86.Build.0 = Debug|Any CPU
		{1DF8D295-1707-4BA1-9945-63D676B839BF}.Release|Any CPU.ActiveCfg = Release|Any CPU
		{1DF8D295-1707-4BA1-9945-63D676B839BF}.Release|Any CPU.Build.0 = Release|Any CPU
		{1DF8D295-1707-4BA1-9945-63D676B839BF}.Release|Mixed Platforms.ActiveCfg = Release|Any CPU
		{1DF8D295-1707-4BA1-9945-63D676B839BF}.Release|Mixed Platforms.Build.0 = Release|Any CPU
		{1DF8D295-1707-4BA1-9945-63D676B839BF}.Release|x64.ActiveCfg = Release|Any CPU
		{1DF8D295-1707-4BA1-9945-63D676B839BF}.Release|x86.ActiveCfg = Release|Any CPU
		{1DF8D295-1707-4BA1-9945-63D676B839BF}.Release|x86.Build.0 = Release|Any CPU
		{98B2ECC3-9066-45E2-8800-C16F6914DD24}.Debug|Any CPU.ActiveCfg = Debug|Any CPU
		{98B2ECC3-9066-45E2-8800-C16F6914DD24}.Debug|Any CPU.Build.0 = Debug|Any CPU
		{98B2ECC3-9066-45E2-8800-C16F6914DD24}.Debug|Mixed Platforms.ActiveCfg = Debug|Any CPU
		{98B2ECC3-9066-45E2-8800-C16F6914DD24}.Debug|Mixed Platforms.Build.0 = Debug|Any CPU
		{98B2ECC3-9066-45E2-8800-C16F6914DD24}.Debug|x64.ActiveCfg = Debug|Any CPU
		{98B2ECC3-9066-45E2-8800-C16F6914DD24}.Debug|x64.Build.0 = Debug|Any CPU
		{98B2ECC3-9066-45E2-8800-C16F6914DD24}.Debug|x86.ActiveCfg = Debug|Any CPU
		{98B2ECC3-9066-45E2-8800-C16F6914DD24}.Debug|x86.Build.0 = Debug|Any CPU
		{98B2ECC3-9066-45E2-8800-C16F6914DD24}.Release|Any CPU.ActiveCfg = Release|Any CPU
		{98B2ECC3-9066-45E2-8800-C16F6914DD24}.Release|Any CPU.Build.0 = Release|Any CPU
		{98B2ECC3-9066-45E2-8800-C16F6914DD24}.Release|Mixed Platforms.ActiveCfg = Release|Any CPU
		{98B2ECC3-9066-45E2-8800-C16F6914DD24}.Release|Mixed Platforms.Build.0 = Release|Any CPU
		{98B2ECC3-9066-45E2-8800-C16F6914DD24}.Release|x64.ActiveCfg = Release|x64
		{98B2ECC3-9066-45E2-8800-C16F6914DD24}.Release|x64.Build.0 = Release|x64
		{98B2ECC3-9066-45E2-8800-C16F6914DD24}.Release|x86.ActiveCfg = Release|Any CPU
		{98B2ECC3-9066-45E2-8800-C16F6914DD24}.Release|x86.Build.0 = Release|Any CPU
		{993B29AB-F20B-4ACE-804B-1F9E03D3355F}.Debug|Any CPU.ActiveCfg = Debug|Any CPU
		{993B29AB-F20B-4ACE-804B-1F9E03D3355F}.Debug|Any CPU.Build.0 = Debug|Any CPU
		{993B29AB-F20B-4ACE-804B-1F9E03D3355F}.Debug|Mixed Platforms.ActiveCfg = Debug|Any CPU
		{993B29AB-F20B-4ACE-804B-1F9E03D3355F}.Debug|Mixed Platforms.Build.0 = Debug|Any CPU
		{993B29AB-F20B-4ACE-804B-1F9E03D3355F}.Debug|x64.ActiveCfg = Debug|Any CPU
		{993B29AB-F20B-4ACE-804B-1F9E03D3355F}.Debug|x64.Build.0 = Debug|Any CPU
		{993B29AB-F20B-4ACE-804B-1F9E03D3355F}.Debug|x86.ActiveCfg = Debug|Any CPU
		{993B29AB-F20B-4ACE-804B-1F9E03D3355F}.Debug|x86.Build.0 = Debug|Any CPU
		{993B29AB-F20B-4ACE-804B-1F9E03D3355F}.Release|Any CPU.ActiveCfg = Release|Any CPU
		{993B29AB-F20B-4ACE-804B-1F9E03D3355F}.Release|Any CPU.Build.0 = Release|Any CPU
		{993B29AB-F20B-4ACE-804B-1F9E03D3355F}.Release|Mixed Platforms.ActiveCfg = Release|Any CPU
		{993B29AB-F20B-4ACE-804B-1F9E03D3355F}.Release|Mixed Platforms.Build.0 = Release|Any CPU
		{993B29AB-F20B-4ACE-804B-1F9E03D3355F}.Release|x64.ActiveCfg = Release|x64
		{993B29AB-F20B-4ACE-804B-1F9E03D3355F}.Release|x64.Build.0 = Release|x64
		{993B29AB-F20B-4ACE-804B-1F9E03D3355F}.Release|x86.ActiveCfg = Release|Any CPU
		{993B29AB-F20B-4ACE-804B-1F9E03D3355F}.Release|x86.Build.0 = Release|Any CPU
		{965048D9-E773-4750-ADDA-1ECC122ACBDE}.Debug|Any CPU.ActiveCfg = Debug|Any CPU
		{965048D9-E773-4750-ADDA-1ECC122ACBDE}.Debug|Any CPU.Build.0 = Debug|Any CPU
		{965048D9-E773-4750-ADDA-1ECC122ACBDE}.Debug|Mixed Platforms.ActiveCfg = Debug|Any CPU
		{965048D9-E773-4750-ADDA-1ECC122ACBDE}.Debug|Mixed Platforms.Build.0 = Debug|Any CPU
		{965048D9-E773-4750-ADDA-1ECC122ACBDE}.Debug|x64.ActiveCfg = Debug|Any CPU
		{965048D9-E773-4750-ADDA-1ECC122ACBDE}.Debug|x64.Build.0 = Debug|Any CPU
		{965048D9-E773-4750-ADDA-1ECC122ACBDE}.Debug|x86.ActiveCfg = Debug|Any CPU
		{965048D9-E773-4750-ADDA-1ECC122ACBDE}.Debug|x86.Build.0 = Debug|Any CPU
		{965048D9-E773-4750-ADDA-1ECC122ACBDE}.Release|Any CPU.ActiveCfg = Release|Any CPU
		{965048D9-E773-4750-ADDA-1ECC122ACBDE}.Release|Any CPU.Build.0 = Release|Any CPU
		{965048D9-E773-4750-ADDA-1ECC122ACBDE}.Release|Mixed Platforms.ActiveCfg = Release|Any CPU
		{965048D9-E773-4750-ADDA-1ECC122ACBDE}.Release|Mixed Platforms.Build.0 = Release|Any CPU
		{965048D9-E773-4750-ADDA-1ECC122ACBDE}.Release|x64.ActiveCfg = Release|Any CPU
		{965048D9-E773-4750-ADDA-1ECC122ACBDE}.Release|x86.ActiveCfg = Release|Any CPU
		{965048D9-E773-4750-ADDA-1ECC122ACBDE}.Release|x86.Build.0 = Release|Any CPU
		{540519AF-9419-41E7-BCE4-7AC206F308BA}.Debug|Any CPU.ActiveCfg = Debug|Any CPU
		{540519AF-9419-41E7-BCE4-7AC206F308BA}.Debug|Any CPU.Build.0 = Debug|Any CPU
		{540519AF-9419-41E7-BCE4-7AC206F308BA}.Debug|Mixed Platforms.ActiveCfg = Debug|Any CPU
		{540519AF-9419-41E7-BCE4-7AC206F308BA}.Debug|Mixed Platforms.Build.0 = Debug|Any CPU
		{540519AF-9419-41E7-BCE4-7AC206F308BA}.Debug|x64.ActiveCfg = Debug|Any CPU
		{540519AF-9419-41E7-BCE4-7AC206F308BA}.Debug|x64.Build.0 = Debug|Any CPU
		{540519AF-9419-41E7-BCE4-7AC206F308BA}.Debug|x86.ActiveCfg = Debug|Any CPU
		{540519AF-9419-41E7-BCE4-7AC206F308BA}.Debug|x86.Build.0 = Debug|Any CPU
		{540519AF-9419-41E7-BCE4-7AC206F308BA}.Release|Any CPU.ActiveCfg = Release|Any CPU
		{540519AF-9419-41E7-BCE4-7AC206F308BA}.Release|Any CPU.Build.0 = Release|Any CPU
		{540519AF-9419-41E7-BCE4-7AC206F308BA}.Release|Mixed Platforms.ActiveCfg = Release|Any CPU
		{540519AF-9419-41E7-BCE4-7AC206F308BA}.Release|Mixed Platforms.Build.0 = Release|Any CPU
		{540519AF-9419-41E7-BCE4-7AC206F308BA}.Release|x64.ActiveCfg = Release|Any CPU
		{540519AF-9419-41E7-BCE4-7AC206F308BA}.Release|x86.ActiveCfg = Release|Any CPU
		{540519AF-9419-41E7-BCE4-7AC206F308BA}.Release|x86.Build.0 = Release|Any CPU
		{2D7B7CF8-B093-4A88-BC6E-AC720CBC318A}.Debug|Any CPU.ActiveCfg = Debug|Any CPU
		{2D7B7CF8-B093-4A88-BC6E-AC720CBC318A}.Debug|Any CPU.Build.0 = Debug|Any CPU
		{2D7B7CF8-B093-4A88-BC6E-AC720CBC318A}.Debug|Mixed Platforms.ActiveCfg = Debug|Any CPU
		{2D7B7CF8-B093-4A88-BC6E-AC720CBC318A}.Debug|Mixed Platforms.Build.0 = Debug|Any CPU
		{2D7B7CF8-B093-4A88-BC6E-AC720CBC318A}.Debug|x64.ActiveCfg = Debug|Any CPU
		{2D7B7CF8-B093-4A88-BC6E-AC720CBC318A}.Debug|x64.Build.0 = Debug|Any CPU
		{2D7B7CF8-B093-4A88-BC6E-AC720CBC318A}.Debug|x86.ActiveCfg = Debug|Any CPU
		{2D7B7CF8-B093-4A88-BC6E-AC720CBC318A}.Debug|x86.Build.0 = Debug|Any CPU
		{2D7B7CF8-B093-4A88-BC6E-AC720CBC318A}.Release|Any CPU.ActiveCfg = Release|Any CPU
		{2D7B7CF8-B093-4A88-BC6E-AC720CBC318A}.Release|Any CPU.Build.0 = Release|Any CPU
		{2D7B7CF8-B093-4A88-BC6E-AC720CBC318A}.Release|Mixed Platforms.ActiveCfg = Release|Any CPU
		{2D7B7CF8-B093-4A88-BC6E-AC720CBC318A}.Release|Mixed Platforms.Build.0 = Release|Any CPU
		{2D7B7CF8-B093-4A88-BC6E-AC720CBC318A}.Release|x64.ActiveCfg = Release|Any CPU
		{2D7B7CF8-B093-4A88-BC6E-AC720CBC318A}.Release|x86.ActiveCfg = Release|Any CPU
		{2D7B7CF8-B093-4A88-BC6E-AC720CBC318A}.Release|x86.Build.0 = Release|Any CPU
		{C54FAD1E-9F4B-4C18-B9E5-93E24215FD22}.Debug|Any CPU.ActiveCfg = Debug|Any CPU
		{C54FAD1E-9F4B-4C18-B9E5-93E24215FD22}.Debug|Any CPU.Build.0 = Debug|Any CPU
		{C54FAD1E-9F4B-4C18-B9E5-93E24215FD22}.Debug|Mixed Platforms.ActiveCfg = Debug|Any CPU
		{C54FAD1E-9F4B-4C18-B9E5-93E24215FD22}.Debug|Mixed Platforms.Build.0 = Debug|Any CPU
		{C54FAD1E-9F4B-4C18-B9E5-93E24215FD22}.Debug|x64.ActiveCfg = Debug|Any CPU
		{C54FAD1E-9F4B-4C18-B9E5-93E24215FD22}.Debug|x64.Build.0 = Debug|Any CPU
		{C54FAD1E-9F4B-4C18-B9E5-93E24215FD22}.Debug|x86.ActiveCfg = Debug|Any CPU
		{C54FAD1E-9F4B-4C18-B9E5-93E24215FD22}.Debug|x86.Build.0 = Debug|Any CPU
		{C54FAD1E-9F4B-4C18-B9E5-93E24215FD22}.Release|Any CPU.ActiveCfg = Release|Any CPU
		{C54FAD1E-9F4B-4C18-B9E5-93E24215FD22}.Release|Any CPU.Build.0 = Release|Any CPU
		{C54FAD1E-9F4B-4C18-B9E5-93E24215FD22}.Release|Mixed Platforms.ActiveCfg = Release|Any CPU
		{C54FAD1E-9F4B-4C18-B9E5-93E24215FD22}.Release|Mixed Platforms.Build.0 = Release|Any CPU
		{C54FAD1E-9F4B-4C18-B9E5-93E24215FD22}.Release|x64.ActiveCfg = Release|Any CPU
		{C54FAD1E-9F4B-4C18-B9E5-93E24215FD22}.Release|x86.ActiveCfg = Release|Any CPU
		{C54FAD1E-9F4B-4C18-B9E5-93E24215FD22}.Release|x86.Build.0 = Release|Any CPU
		{B6DC5869-30E1-48B3-81C9-2AE8DBB345EE}.Debug|Any CPU.ActiveCfg = Debug|Any CPU
		{B6DC5869-30E1-48B3-81C9-2AE8DBB345EE}.Debug|Any CPU.Build.0 = Debug|Any CPU
		{B6DC5869-30E1-48B3-81C9-2AE8DBB345EE}.Debug|Mixed Platforms.ActiveCfg = Debug|Any CPU
		{B6DC5869-30E1-48B3-81C9-2AE8DBB345EE}.Debug|Mixed Platforms.Build.0 = Debug|Any CPU
		{B6DC5869-30E1-48B3-81C9-2AE8DBB345EE}.Debug|x64.ActiveCfg = Debug|Any CPU
		{B6DC5869-30E1-48B3-81C9-2AE8DBB345EE}.Debug|x64.Build.0 = Debug|Any CPU
		{B6DC5869-30E1-48B3-81C9-2AE8DBB345EE}.Debug|x86.ActiveCfg = Debug|Any CPU
		{B6DC5869-30E1-48B3-81C9-2AE8DBB345EE}.Debug|x86.Build.0 = Debug|Any CPU
		{B6DC5869-30E1-48B3-81C9-2AE8DBB345EE}.Release|Any CPU.ActiveCfg = Release|Any CPU
		{B6DC5869-30E1-48B3-81C9-2AE8DBB345EE}.Release|Any CPU.Build.0 = Release|Any CPU
		{B6DC5869-30E1-48B3-81C9-2AE8DBB345EE}.Release|Mixed Platforms.ActiveCfg = Release|Any CPU
		{B6DC5869-30E1-48B3-81C9-2AE8DBB345EE}.Release|Mixed Platforms.Build.0 = Release|Any CPU
		{B6DC5869-30E1-48B3-81C9-2AE8DBB345EE}.Release|x64.ActiveCfg = Release|Any CPU
		{B6DC5869-30E1-48B3-81C9-2AE8DBB345EE}.Release|x86.ActiveCfg = Release|Any CPU
		{B6DC5869-30E1-48B3-81C9-2AE8DBB345EE}.Release|x86.Build.0 = Release|Any CPU
		{9CF5ED11-6D2B-4FEF-8A0A-B2E12DE59867}.Debug|Any CPU.ActiveCfg = Debug|Any CPU
		{9CF5ED11-6D2B-4FEF-8A0A-B2E12DE59867}.Debug|Any CPU.Build.0 = Debug|Any CPU
		{9CF5ED11-6D2B-4FEF-8A0A-B2E12DE59867}.Debug|Mixed Platforms.ActiveCfg = Debug|Any CPU
		{9CF5ED11-6D2B-4FEF-8A0A-B2E12DE59867}.Debug|Mixed Platforms.Build.0 = Debug|Any CPU
		{9CF5ED11-6D2B-4FEF-8A0A-B2E12DE59867}.Debug|x64.ActiveCfg = Debug|Any CPU
		{9CF5ED11-6D2B-4FEF-8A0A-B2E12DE59867}.Debug|x86.ActiveCfg = Debug|Any CPU
		{9CF5ED11-6D2B-4FEF-8A0A-B2E12DE59867}.Debug|x86.Build.0 = Debug|Any CPU
		{9CF5ED11-6D2B-4FEF-8A0A-B2E12DE59867}.Release|Any CPU.ActiveCfg = Release|Any CPU
		{9CF5ED11-6D2B-4FEF-8A0A-B2E12DE59867}.Release|Any CPU.Build.0 = Release|Any CPU
		{9CF5ED11-6D2B-4FEF-8A0A-B2E12DE59867}.Release|Mixed Platforms.ActiveCfg = Release|Any CPU
		{9CF5ED11-6D2B-4FEF-8A0A-B2E12DE59867}.Release|Mixed Platforms.Build.0 = Release|Any CPU
		{9CF5ED11-6D2B-4FEF-8A0A-B2E12DE59867}.Release|x64.ActiveCfg = Release|Any CPU
		{9CF5ED11-6D2B-4FEF-8A0A-B2E12DE59867}.Release|x86.ActiveCfg = Release|Any CPU
		{9CF5ED11-6D2B-4FEF-8A0A-B2E12DE59867}.Release|x86.Build.0 = Release|Any CPU
		{F8C413C0-EF8F-488B-90FD-1E7D26A94783}.Debug|Any CPU.ActiveCfg = Debug|Any CPU
		{F8C413C0-EF8F-488B-90FD-1E7D26A94783}.Debug|Any CPU.Build.0 = Debug|Any CPU
		{F8C413C0-EF8F-488B-90FD-1E7D26A94783}.Debug|Mixed Platforms.ActiveCfg = Debug|Any CPU
		{F8C413C0-EF8F-488B-90FD-1E7D26A94783}.Debug|Mixed Platforms.Build.0 = Debug|Any CPU
		{F8C413C0-EF8F-488B-90FD-1E7D26A94783}.Debug|x64.ActiveCfg = Debug|Any CPU
		{F8C413C0-EF8F-488B-90FD-1E7D26A94783}.Debug|x64.Build.0 = Debug|Any CPU
		{F8C413C0-EF8F-488B-90FD-1E7D26A94783}.Debug|x86.ActiveCfg = Debug|Any CPU
		{F8C413C0-EF8F-488B-90FD-1E7D26A94783}.Debug|x86.Build.0 = Debug|Any CPU
		{F8C413C0-EF8F-488B-90FD-1E7D26A94783}.Release|Any CPU.ActiveCfg = Release|Any CPU
		{F8C413C0-EF8F-488B-90FD-1E7D26A94783}.Release|Any CPU.Build.0 = Release|Any CPU
		{F8C413C0-EF8F-488B-90FD-1E7D26A94783}.Release|Mixed Platforms.ActiveCfg = Release|Any CPU
		{F8C413C0-EF8F-488B-90FD-1E7D26A94783}.Release|Mixed Platforms.Build.0 = Release|Any CPU
		{F8C413C0-EF8F-488B-90FD-1E7D26A94783}.Release|x64.ActiveCfg = Release|Any CPU
		{F8C413C0-EF8F-488B-90FD-1E7D26A94783}.Release|x86.ActiveCfg = Release|Any CPU
		{F8C413C0-EF8F-488B-90FD-1E7D26A94783}.Release|x86.Build.0 = Release|Any CPU
		{4C2A4BE6-FC05-413C-89C9-00A46847531E}.Debug|Any CPU.ActiveCfg = Debug|Any CPU
		{4C2A4BE6-FC05-413C-89C9-00A46847531E}.Debug|Any CPU.Build.0 = Debug|Any CPU
		{4C2A4BE6-FC05-413C-89C9-00A46847531E}.Debug|Mixed Platforms.ActiveCfg = Debug|Any CPU
		{4C2A4BE6-FC05-413C-89C9-00A46847531E}.Debug|Mixed Platforms.Build.0 = Debug|Any CPU
		{4C2A4BE6-FC05-413C-89C9-00A46847531E}.Debug|x64.ActiveCfg = Debug|Any CPU
		{4C2A4BE6-FC05-413C-89C9-00A46847531E}.Debug|x64.Build.0 = Debug|Any CPU
		{4C2A4BE6-FC05-413C-89C9-00A46847531E}.Debug|x86.ActiveCfg = Debug|Any CPU
		{4C2A4BE6-FC05-413C-89C9-00A46847531E}.Debug|x86.Build.0 = Debug|Any CPU
		{4C2A4BE6-FC05-413C-89C9-00A46847531E}.Release|Any CPU.ActiveCfg = Release|Any CPU
		{4C2A4BE6-FC05-413C-89C9-00A46847531E}.Release|Any CPU.Build.0 = Release|Any CPU
		{4C2A4BE6-FC05-413C-89C9-00A46847531E}.Release|Mixed Platforms.ActiveCfg = Release|Any CPU
		{4C2A4BE6-FC05-413C-89C9-00A46847531E}.Release|Mixed Platforms.Build.0 = Release|Any CPU
		{4C2A4BE6-FC05-413C-89C9-00A46847531E}.Release|x64.ActiveCfg = Release|Any CPU
		{4C2A4BE6-FC05-413C-89C9-00A46847531E}.Release|x86.ActiveCfg = Release|Any CPU
		{4C2A4BE6-FC05-413C-89C9-00A46847531E}.Release|x86.Build.0 = Release|Any CPU
		{916C40E6-28C4-4373-9128-9EF5AA7CBB97}.Debug|Any CPU.ActiveCfg = Debug|Any CPU
		{916C40E6-28C4-4373-9128-9EF5AA7CBB97}.Debug|Any CPU.Build.0 = Debug|Any CPU
		{916C40E6-28C4-4373-9128-9EF5AA7CBB97}.Debug|Mixed Platforms.ActiveCfg = Debug|Any CPU
		{916C40E6-28C4-4373-9128-9EF5AA7CBB97}.Debug|Mixed Platforms.Build.0 = Debug|Any CPU
		{916C40E6-28C4-4373-9128-9EF5AA7CBB97}.Debug|x64.ActiveCfg = Debug|Any CPU
		{916C40E6-28C4-4373-9128-9EF5AA7CBB97}.Debug|x64.Build.0 = Debug|Any CPU
		{916C40E6-28C4-4373-9128-9EF5AA7CBB97}.Debug|x86.ActiveCfg = Debug|Any CPU
		{916C40E6-28C4-4373-9128-9EF5AA7CBB97}.Debug|x86.Build.0 = Debug|Any CPU
		{916C40E6-28C4-4373-9128-9EF5AA7CBB97}.Release|Any CPU.ActiveCfg = Release|Any CPU
		{916C40E6-28C4-4373-9128-9EF5AA7CBB97}.Release|Any CPU.Build.0 = Release|Any CPU
		{916C40E6-28C4-4373-9128-9EF5AA7CBB97}.Release|Mixed Platforms.ActiveCfg = Release|Any CPU
		{916C40E6-28C4-4373-9128-9EF5AA7CBB97}.Release|Mixed Platforms.Build.0 = Release|Any CPU
		{916C40E6-28C4-4373-9128-9EF5AA7CBB97}.Release|x64.ActiveCfg = Release|Any CPU
		{916C40E6-28C4-4373-9128-9EF5AA7CBB97}.Release|x86.ActiveCfg = Release|Any CPU
		{916C40E6-28C4-4373-9128-9EF5AA7CBB97}.Release|x86.Build.0 = Release|Any CPU
		{96179AC6-F6F1-40C3-9FDD-4F6582F54C5C}.Debug|Any CPU.ActiveCfg = Debug|Any CPU
		{96179AC6-F6F1-40C3-9FDD-4F6582F54C5C}.Debug|Any CPU.Build.0 = Debug|Any CPU
		{96179AC6-F6F1-40C3-9FDD-4F6582F54C5C}.Debug|Mixed Platforms.ActiveCfg = Debug|Any CPU
		{96179AC6-F6F1-40C3-9FDD-4F6582F54C5C}.Debug|Mixed Platforms.Build.0 = Debug|Any CPU
		{96179AC6-F6F1-40C3-9FDD-4F6582F54C5C}.Debug|x64.ActiveCfg = Debug|Any CPU
		{96179AC6-F6F1-40C3-9FDD-4F6582F54C5C}.Debug|x64.Build.0 = Debug|Any CPU
		{96179AC6-F6F1-40C3-9FDD-4F6582F54C5C}.Debug|x86.ActiveCfg = Debug|Any CPU
		{96179AC6-F6F1-40C3-9FDD-4F6582F54C5C}.Debug|x86.Build.0 = Debug|Any CPU
		{96179AC6-F6F1-40C3-9FDD-4F6582F54C5C}.Release|Any CPU.ActiveCfg = Release|Any CPU
		{96179AC6-F6F1-40C3-9FDD-4F6582F54C5C}.Release|Any CPU.Build.0 = Release|Any CPU
		{96179AC6-F6F1-40C3-9FDD-4F6582F54C5C}.Release|Mixed Platforms.ActiveCfg = Release|Any CPU
		{96179AC6-F6F1-40C3-9FDD-4F6582F54C5C}.Release|Mixed Platforms.Build.0 = Release|Any CPU
		{96179AC6-F6F1-40C3-9FDD-4F6582F54C5C}.Release|x64.ActiveCfg = Release|Any CPU
		{96179AC6-F6F1-40C3-9FDD-4F6582F54C5C}.Release|x64.Build.0 = Release|Any CPU
		{96179AC6-F6F1-40C3-9FDD-4F6582F54C5C}.Release|x86.ActiveCfg = Release|Any CPU
		{96179AC6-F6F1-40C3-9FDD-4F6582F54C5C}.Release|x86.Build.0 = Release|Any CPU
		{CF68A37D-D071-469D-AE04-68594CB95382}.Debug|Any CPU.ActiveCfg = Debug|Any CPU
		{CF68A37D-D071-469D-AE04-68594CB95382}.Debug|Any CPU.Build.0 = Debug|Any CPU
		{CF68A37D-D071-469D-AE04-68594CB95382}.Debug|Mixed Platforms.ActiveCfg = Debug|Any CPU
		{CF68A37D-D071-469D-AE04-68594CB95382}.Debug|Mixed Platforms.Build.0 = Debug|Any CPU
		{CF68A37D-D071-469D-AE04-68594CB95382}.Debug|x64.ActiveCfg = Debug|Any CPU
		{CF68A37D-D071-469D-AE04-68594CB95382}.Debug|x64.Build.0 = Debug|Any CPU
		{CF68A37D-D071-469D-AE04-68594CB95382}.Debug|x86.ActiveCfg = Debug|Any CPU
		{CF68A37D-D071-469D-AE04-68594CB95382}.Debug|x86.Build.0 = Debug|Any CPU
		{CF68A37D-D071-469D-AE04-68594CB95382}.Release|Any CPU.ActiveCfg = Release|Any CPU
		{CF68A37D-D071-469D-AE04-68594CB95382}.Release|Any CPU.Build.0 = Release|Any CPU
		{CF68A37D-D071-469D-AE04-68594CB95382}.Release|Mixed Platforms.ActiveCfg = Release|Any CPU
		{CF68A37D-D071-469D-AE04-68594CB95382}.Release|Mixed Platforms.Build.0 = Release|Any CPU
		{CF68A37D-D071-469D-AE04-68594CB95382}.Release|x64.ActiveCfg = Release|Any CPU
		{CF68A37D-D071-469D-AE04-68594CB95382}.Release|x64.Build.0 = Release|Any CPU
		{CF68A37D-D071-469D-AE04-68594CB95382}.Release|x86.ActiveCfg = Release|Any CPU
		{CF68A37D-D071-469D-AE04-68594CB95382}.Release|x86.Build.0 = Release|Any CPU
		{1887DC99-9139-43E3-A7AA-6D74714B3A5D}.Debug|Any CPU.ActiveCfg = Debug|Any CPU
		{1887DC99-9139-43E3-A7AA-6D74714B3A5D}.Debug|Any CPU.Build.0 = Debug|Any CPU
		{1887DC99-9139-43E3-A7AA-6D74714B3A5D}.Debug|Mixed Platforms.ActiveCfg = Debug|Any CPU
		{1887DC99-9139-43E3-A7AA-6D74714B3A5D}.Debug|Mixed Platforms.Build.0 = Debug|Any CPU
		{1887DC99-9139-43E3-A7AA-6D74714B3A5D}.Debug|x64.ActiveCfg = Debug|Any CPU
		{1887DC99-9139-43E3-A7AA-6D74714B3A5D}.Debug|x64.Build.0 = Debug|Any CPU
		{1887DC99-9139-43E3-A7AA-6D74714B3A5D}.Debug|x86.ActiveCfg = Debug|Any CPU
		{1887DC99-9139-43E3-A7AA-6D74714B3A5D}.Debug|x86.Build.0 = Debug|Any CPU
		{1887DC99-9139-43E3-A7AA-6D74714B3A5D}.Release|Any CPU.ActiveCfg = Release|Any CPU
		{1887DC99-9139-43E3-A7AA-6D74714B3A5D}.Release|Any CPU.Build.0 = Release|Any CPU
		{1887DC99-9139-43E3-A7AA-6D74714B3A5D}.Release|Mixed Platforms.ActiveCfg = Release|Any CPU
		{1887DC99-9139-43E3-A7AA-6D74714B3A5D}.Release|Mixed Platforms.Build.0 = Release|Any CPU
		{1887DC99-9139-43E3-A7AA-6D74714B3A5D}.Release|x64.ActiveCfg = Release|Any CPU
		{1887DC99-9139-43E3-A7AA-6D74714B3A5D}.Release|x64.Build.0 = Release|Any CPU
		{1887DC99-9139-43E3-A7AA-6D74714B3A5D}.Release|x86.ActiveCfg = Release|Any CPU
		{1887DC99-9139-43E3-A7AA-6D74714B3A5D}.Release|x86.Build.0 = Release|Any CPU
		{982416DB-C143-4028-A0C3-CF41892D18D3}.Debug|Any CPU.ActiveCfg = Debug|Any CPU
		{982416DB-C143-4028-A0C3-CF41892D18D3}.Debug|Any CPU.Build.0 = Debug|Any CPU
		{982416DB-C143-4028-A0C3-CF41892D18D3}.Debug|Mixed Platforms.ActiveCfg = Debug|Any CPU
		{982416DB-C143-4028-A0C3-CF41892D18D3}.Debug|Mixed Platforms.Build.0 = Debug|Any CPU
		{982416DB-C143-4028-A0C3-CF41892D18D3}.Debug|x64.ActiveCfg = Debug|Any CPU
		{982416DB-C143-4028-A0C3-CF41892D18D3}.Debug|x64.Build.0 = Debug|Any CPU
		{982416DB-C143-4028-A0C3-CF41892D18D3}.Debug|x86.ActiveCfg = Debug|Any CPU
		{982416DB-C143-4028-A0C3-CF41892D18D3}.Debug|x86.Build.0 = Debug|Any CPU
		{982416DB-C143-4028-A0C3-CF41892D18D3}.Release|Any CPU.ActiveCfg = Release|Any CPU
		{982416DB-C143-4028-A0C3-CF41892D18D3}.Release|Any CPU.Build.0 = Release|Any CPU
		{982416DB-C143-4028-A0C3-CF41892D18D3}.Release|Mixed Platforms.ActiveCfg = Release|Any CPU
		{982416DB-C143-4028-A0C3-CF41892D18D3}.Release|Mixed Platforms.Build.0 = Release|Any CPU
		{982416DB-C143-4028-A0C3-CF41892D18D3}.Release|x64.ActiveCfg = Release|Any CPU
		{982416DB-C143-4028-A0C3-CF41892D18D3}.Release|x64.Build.0 = Release|Any CPU
		{982416DB-C143-4028-A0C3-CF41892D18D3}.Release|x86.ActiveCfg = Release|Any CPU
		{982416DB-C143-4028-A0C3-CF41892D18D3}.Release|x86.Build.0 = Release|Any CPU
		{6BD5F091-016C-43BB-9CE4-20A91E1B7D07}.Debug|Any CPU.ActiveCfg = Debug|Any CPU
		{6BD5F091-016C-43BB-9CE4-20A91E1B7D07}.Debug|Any CPU.Build.0 = Debug|Any CPU
		{6BD5F091-016C-43BB-9CE4-20A91E1B7D07}.Debug|Mixed Platforms.ActiveCfg = Debug|Any CPU
		{6BD5F091-016C-43BB-9CE4-20A91E1B7D07}.Debug|Mixed Platforms.Build.0 = Debug|Any CPU
		{6BD5F091-016C-43BB-9CE4-20A91E1B7D07}.Debug|x64.ActiveCfg = Debug|Any CPU
		{6BD5F091-016C-43BB-9CE4-20A91E1B7D07}.Debug|x64.Build.0 = Debug|Any CPU
		{6BD5F091-016C-43BB-9CE4-20A91E1B7D07}.Debug|x86.ActiveCfg = Debug|Any CPU
		{6BD5F091-016C-43BB-9CE4-20A91E1B7D07}.Debug|x86.Build.0 = Debug|Any CPU
		{6BD5F091-016C-43BB-9CE4-20A91E1B7D07}.Release|Any CPU.ActiveCfg = Release|Any CPU
		{6BD5F091-016C-43BB-9CE4-20A91E1B7D07}.Release|Any CPU.Build.0 = Release|Any CPU
		{6BD5F091-016C-43BB-9CE4-20A91E1B7D07}.Release|Mixed Platforms.ActiveCfg = Release|Any CPU
		{6BD5F091-016C-43BB-9CE4-20A91E1B7D07}.Release|Mixed Platforms.Build.0 = Release|Any CPU
		{6BD5F091-016C-43BB-9CE4-20A91E1B7D07}.Release|x64.ActiveCfg = Release|Any CPU
		{6BD5F091-016C-43BB-9CE4-20A91E1B7D07}.Release|x64.Build.0 = Release|Any CPU
		{6BD5F091-016C-43BB-9CE4-20A91E1B7D07}.Release|x86.ActiveCfg = Release|Any CPU
		{6BD5F091-016C-43BB-9CE4-20A91E1B7D07}.Release|x86.Build.0 = Release|Any CPU
		{D23E7842-121A-46BB-933E-073C4F91A7EF}.Debug|Any CPU.ActiveCfg = Debug|Any CPU
		{D23E7842-121A-46BB-933E-073C4F91A7EF}.Debug|Any CPU.Build.0 = Debug|Any CPU
		{D23E7842-121A-46BB-933E-073C4F91A7EF}.Debug|Mixed Platforms.ActiveCfg = Debug|Any CPU
		{D23E7842-121A-46BB-933E-073C4F91A7EF}.Debug|Mixed Platforms.Build.0 = Debug|Any CPU
		{D23E7842-121A-46BB-933E-073C4F91A7EF}.Debug|x64.ActiveCfg = Debug|Any CPU
		{D23E7842-121A-46BB-933E-073C4F91A7EF}.Debug|x64.Build.0 = Debug|Any CPU
		{D23E7842-121A-46BB-933E-073C4F91A7EF}.Debug|x86.ActiveCfg = Debug|Any CPU
		{D23E7842-121A-46BB-933E-073C4F91A7EF}.Debug|x86.Build.0 = Debug|Any CPU
		{D23E7842-121A-46BB-933E-073C4F91A7EF}.Release|Any CPU.ActiveCfg = Release|Any CPU
		{D23E7842-121A-46BB-933E-073C4F91A7EF}.Release|Any CPU.Build.0 = Release|Any CPU
		{D23E7842-121A-46BB-933E-073C4F91A7EF}.Release|Mixed Platforms.ActiveCfg = Release|Any CPU
		{D23E7842-121A-46BB-933E-073C4F91A7EF}.Release|Mixed Platforms.Build.0 = Release|Any CPU
		{D23E7842-121A-46BB-933E-073C4F91A7EF}.Release|x64.ActiveCfg = Release|Any CPU
		{D23E7842-121A-46BB-933E-073C4F91A7EF}.Release|x64.Build.0 = Release|Any CPU
		{D23E7842-121A-46BB-933E-073C4F91A7EF}.Release|x86.ActiveCfg = Release|Any CPU
		{D23E7842-121A-46BB-933E-073C4F91A7EF}.Release|x86.Build.0 = Release|Any CPU
		{F40D5A66-C63F-4087-904F-62DD162B3679}.Debug|Any CPU.ActiveCfg = Debug|Any CPU
		{F40D5A66-C63F-4087-904F-62DD162B3679}.Debug|Any CPU.Build.0 = Debug|Any CPU
		{F40D5A66-C63F-4087-904F-62DD162B3679}.Debug|Mixed Platforms.ActiveCfg = Debug|Any CPU
		{F40D5A66-C63F-4087-904F-62DD162B3679}.Debug|Mixed Platforms.Build.0 = Debug|Any CPU
		{F40D5A66-C63F-4087-904F-62DD162B3679}.Debug|x64.ActiveCfg = Debug|Any CPU
		{F40D5A66-C63F-4087-904F-62DD162B3679}.Debug|x64.Build.0 = Debug|Any CPU
		{F40D5A66-C63F-4087-904F-62DD162B3679}.Debug|x86.ActiveCfg = Debug|Any CPU
		{F40D5A66-C63F-4087-904F-62DD162B3679}.Debug|x86.Build.0 = Debug|Any CPU
		{F40D5A66-C63F-4087-904F-62DD162B3679}.Release|Any CPU.ActiveCfg = Release|Any CPU
		{F40D5A66-C63F-4087-904F-62DD162B3679}.Release|Any CPU.Build.0 = Release|Any CPU
		{F40D5A66-C63F-4087-904F-62DD162B3679}.Release|Mixed Platforms.ActiveCfg = Release|Any CPU
		{F40D5A66-C63F-4087-904F-62DD162B3679}.Release|Mixed Platforms.Build.0 = Release|Any CPU
		{F40D5A66-C63F-4087-904F-62DD162B3679}.Release|x64.ActiveCfg = Release|Any CPU
		{F40D5A66-C63F-4087-904F-62DD162B3679}.Release|x64.Build.0 = Release|Any CPU
		{F40D5A66-C63F-4087-904F-62DD162B3679}.Release|x86.ActiveCfg = Release|Any CPU
		{F40D5A66-C63F-4087-904F-62DD162B3679}.Release|x86.Build.0 = Release|Any CPU
		{0AFA4E89-0838-4CC5-9F72-4E488A6B7F79}.Debug|Any CPU.ActiveCfg = Debug|Any CPU
		{0AFA4E89-0838-4CC5-9F72-4E488A6B7F79}.Debug|Any CPU.Build.0 = Debug|Any CPU
		{0AFA4E89-0838-4CC5-9F72-4E488A6B7F79}.Debug|Mixed Platforms.ActiveCfg = Debug|Any CPU
		{0AFA4E89-0838-4CC5-9F72-4E488A6B7F79}.Debug|Mixed Platforms.Build.0 = Debug|Any CPU
		{0AFA4E89-0838-4CC5-9F72-4E488A6B7F79}.Debug|x64.ActiveCfg = Debug|Any CPU
		{0AFA4E89-0838-4CC5-9F72-4E488A6B7F79}.Debug|x64.Build.0 = Debug|Any CPU
		{0AFA4E89-0838-4CC5-9F72-4E488A6B7F79}.Debug|x86.ActiveCfg = Debug|Any CPU
		{0AFA4E89-0838-4CC5-9F72-4E488A6B7F79}.Debug|x86.Build.0 = Debug|Any CPU
		{0AFA4E89-0838-4CC5-9F72-4E488A6B7F79}.Release|Any CPU.ActiveCfg = Release|Any CPU
		{0AFA4E89-0838-4CC5-9F72-4E488A6B7F79}.Release|Any CPU.Build.0 = Release|Any CPU
		{0AFA4E89-0838-4CC5-9F72-4E488A6B7F79}.Release|Mixed Platforms.ActiveCfg = Release|Any CPU
		{0AFA4E89-0838-4CC5-9F72-4E488A6B7F79}.Release|Mixed Platforms.Build.0 = Release|Any CPU
		{0AFA4E89-0838-4CC5-9F72-4E488A6B7F79}.Release|x64.ActiveCfg = Release|Any CPU
		{0AFA4E89-0838-4CC5-9F72-4E488A6B7F79}.Release|x64.Build.0 = Release|Any CPU
		{0AFA4E89-0838-4CC5-9F72-4E488A6B7F79}.Release|x86.ActiveCfg = Release|Any CPU
		{0AFA4E89-0838-4CC5-9F72-4E488A6B7F79}.Release|x86.Build.0 = Release|Any CPU
	EndGlobalSection
	GlobalSection(SolutionProperties) = preSolution
		HideSolutionNode = FALSE
	EndGlobalSection
	GlobalSection(NestedProjects) = preSolution
		{4914FFA8-5436-4E31-85F3-DDC4884989B5} = {3229F862-BA58-4BA0-8CD1-A5907A9E52E1}
		{51055AA0-F32C-4CFB-9A08-CA3B0AAD4018} = {C38D22A7-4A5B-4AD5-B3C8-CD82E14DC985}
		{1DF8D295-1707-4BA1-9945-63D676B839BF} = {C38D22A7-4A5B-4AD5-B3C8-CD82E14DC985}
		{98B2ECC3-9066-45E2-8800-C16F6914DD24} = {3229F862-BA58-4BA0-8CD1-A5907A9E52E1}
		{993B29AB-F20B-4ACE-804B-1F9E03D3355F} = {3229F862-BA58-4BA0-8CD1-A5907A9E52E1}
		{965048D9-E773-4750-ADDA-1ECC122ACBDE} = {C38D22A7-4A5B-4AD5-B3C8-CD82E14DC985}
		{540519AF-9419-41E7-BCE4-7AC206F308BA} = {FEE4D664-1C0B-49D8-8AF1-44594742FE05}
		{2D7B7CF8-B093-4A88-BC6E-AC720CBC318A} = {FEE4D664-1C0B-49D8-8AF1-44594742FE05}
		{C54FAD1E-9F4B-4C18-B9E5-93E24215FD22} = {FEE4D664-1C0B-49D8-8AF1-44594742FE05}
		{B6DC5869-30E1-48B3-81C9-2AE8DBB345EE} = {FEE4D664-1C0B-49D8-8AF1-44594742FE05}
		{9CF5ED11-6D2B-4FEF-8A0A-B2E12DE59867} = {BC583D23-45B4-4C57-A8D2-1ACC5EE31A52}
		{F8C413C0-EF8F-488B-90FD-1E7D26A94783} = {FEE4D664-1C0B-49D8-8AF1-44594742FE05}
		{4C2A4BE6-FC05-413C-89C9-00A46847531E} = {3229F862-BA58-4BA0-8CD1-A5907A9E52E1}
		{916C40E6-28C4-4373-9128-9EF5AA7CBB97} = {FEE4D664-1C0B-49D8-8AF1-44594742FE05}
		{96179AC6-F6F1-40C3-9FDD-4F6582F54C5C} = {BC583D23-45B4-4C57-A8D2-1ACC5EE31A52}
		{CF68A37D-D071-469D-AE04-68594CB95382} = {BC583D23-45B4-4C57-A8D2-1ACC5EE31A52}
		{1887DC99-9139-43E3-A7AA-6D74714B3A5D} = {BC583D23-45B4-4C57-A8D2-1ACC5EE31A52}
		{982416DB-C143-4028-A0C3-CF41892D18D3} = {BC583D23-45B4-4C57-A8D2-1ACC5EE31A52}
		{6BD5F091-016C-43BB-9CE4-20A91E1B7D07} = {FEE4D664-1C0B-49D8-8AF1-44594742FE05}
		{D23E7842-121A-46BB-933E-073C4F91A7EF} = {FEE4D664-1C0B-49D8-8AF1-44594742FE05}
		{F40D5A66-C63F-4087-904F-62DD162B3679} = {FEE4D664-1C0B-49D8-8AF1-44594742FE05}
	EndGlobalSection
	GlobalSection(ExtensibilityGlobals) = postSolution
		SolutionGuid = {88FDF210-9A3B-4F21-8BFF-6EAF23E4F3AA}
	EndGlobalSection
	GlobalSection(NDepend) = preSolution
		Project = ""
	EndGlobalSection
EndGlobal
